// !$*UTF8*$!
{
	archiveVersion = 1;
	classes = {
	};
	objectVersion = 46;
	objects = {

/* Begin PBXBuildFile section */
		9F49E5A8173B761900A9658A /* Foundation.framework in Frameworks */ = {isa = PBXBuildFile; fileRef = 9F49E5A7173B761900A9658A /* Foundation.framework */; };
		9F49E5AD173B761900A9658A /* PpboxSink.h in CopyFiles */ = {isa = PBXBuildFile; fileRef = 9F49E5AC173B761900A9658A /* PpboxSink.h */; };
		9F49E5AF173B761900A9658A /* PpboxSink.m in Sources */ = {isa = PBXBuildFile; fileRef = 9F49E5AE173B761900A9658A /* PpboxSink.m */; };
/* End PBXBuildFile section */

/* Begin PBXCopyFilesBuildPhase section */
		9F49E5A2173B761900A9658A /* CopyFiles */ = {
			isa = PBXCopyFilesBuildPhase;
			buildActionMask = 2147483647;
			dstPath = "include/${PRODUCT_NAME}";
			dstSubfolderSpec = 16;
			files = (
				9F49E5AD173B761900A9658A /* PpboxSink.h in CopyFiles */,
			);
			runOnlyForDeploymentPostprocessing = 0;
		};
/* End PBXCopyFilesBuildPhase section */

/* Begin PBXFileReference section */
		9F49E5A4173B761900A9658A /* libPpboxSink.a */ = {isa = PBXFileReference; explicitFileType = archive.ar; includeInIndex = 0; path = libPpboxSink.a; sourceTree = BUILT_PRODUCTS_DIR; };
		9F49E5A7173B761900A9658A /* Foundation.framework */ = {isa = PBXFileReference; lastKnownFileType = wrapper.framework; name = Foundation.framework; path = System/Library/Frameworks/Foundation.framework; sourceTree = SDKROOT; };
		9F49E5AB173B761900A9658A /* PpboxSink-Prefix.pch */ = {isa = PBXFileReference; lastKnownFileType = sourcecode.c.h; path = "PpboxSink-Prefix.pch"; sourceTree = "<group>"; };
		9F49E5AC173B761900A9658A /* PpboxSink.h */ = {isa = PBXFileReference; lastKnownFileType = sourcecode.c.h; path = PpboxSink.h; sourceTree = "<group>"; };
		9F49E5AE173B761900A9658A /* PpboxSink.m */ = {isa = PBXFileReference; lastKnownFileType = sourcecode.c.objc; path = PpboxSink.m; sourceTree = "<group>"; };
/* End PBXFileReference section */

/* Begin PBXFrameworksBuildPhase section */
		9F49E5A1173B761900A9658A /* Frameworks */ = {
			isa = PBXFrameworksBuildPhase;
			buildActionMask = 2147483647;
			files = (
				9F49E5A8173B761900A9658A /* Foundation.framework in Frameworks */,
			);
			runOnlyForDeploymentPostprocessing = 0;
		};
/* End PBXFrameworksBuildPhase section */

/* Begin PBXGroup section */
		9F49E599173B761900A9658A = {
			isa = PBXGroup;
			children = (
				9F49E5A9173B761900A9658A /* PpboxSink */,
				9F49E5A6173B761900A9658A /* Frameworks */,
				9F49E5A5173B761900A9658A /* Products */,
			);
			sourceTree = "<group>";
		};
		9F49E5A5173B761900A9658A /* Products */ = {
			isa = PBXGroup;
			children = (
				9F49E5A4173B761900A9658A /* libPpboxSink.a */,
			);
			name = Products;
			sourceTree = "<group>";
		};
		9F49E5A6173B761900A9658A /* Frameworks */ = {
			isa = PBXGroup;
			children = (
				9F49E5A7173B761900A9658A /* Foundation.framework */,
			);
			name = Frameworks;
			sourceTree = "<group>";
		};
		9F49E5A9173B761900A9658A /* PpboxSink */ = {
			isa = PBXGroup;
			children = (
				9F49E5AC173B761900A9658A /* PpboxSink.h */,
				9F49E5AE173B761900A9658A /* PpboxSink.m */,
				9F49E5AA173B761900A9658A /* Supporting Files */,
			);
			path = PpboxSink;
			sourceTree = "<group>";
		};
		9F49E5AA173B761900A9658A /* Supporting Files */ = {
			isa = PBXGroup;
			children = (
				9F49E5AB173B761900A9658A /* PpboxSink-Prefix.pch */,
			);
			name = "Supporting Files";
			sourceTree = "<group>";
		};
/* End PBXGroup section */

/* Begin PBXNativeTarget section */
		9F49E5A3173B761900A9658A /* PpboxSink */ = {
			isa = PBXNativeTarget;
			buildConfigurationList = 9F49E5B2173B761900A9658A /* Build configuration list for PBXNativeTarget "PpboxSink" */;
			buildPhases = (
				9F49E5A0173B761900A9658A /* Sources */,
				9F49E5A1173B761900A9658A /* Frameworks */,
				9F49E5A2173B761900A9658A /* CopyFiles */,
			);
			buildRules = (
			);
			dependencies = (
			);
			name = PpboxSink;
			productName = PpboxSink;
			productReference = 9F49E5A4173B761900A9658A /* libPpboxSink.a */;
			productType = "com.apple.product-type.library.static";
		};
/* End PBXNativeTarget section */

/* Begin PBXProject section */
		9F49E59B173B761900A9658A /* Project object */ = {
			isa = PBXProject;
			attributes = {
				LastUpgradeCheck = 0450;
				ORGANIZATIONNAME = pplive;
			};
			buildConfigurationList = 9F49E59E173B761900A9658A /* Build configuration list for PBXProject "PpboxSink" */;
			compatibilityVersion = "Xcode 3.2";
			developmentRegion = English;
			hasScannedForEncodings = 0;
			knownRegions = (
				en,
			);
			mainGroup = 9F49E599173B761900A9658A;
			productRefGroup = 9F49E5A5173B761900A9658A /* Products */;
			projectDirPath = "";
			projectRoot = "";
			targets = (
				9F49E5A3173B761900A9658A /* PpboxSink */,
			);
		};
/* End PBXProject section */

/* Begin PBXSourcesBuildPhase section */
		9F49E5A0173B761900A9658A /* Sources */ = {
			isa = PBXSourcesBuildPhase;
			buildActionMask = 2147483647;
			files = (
				9F49E5AF173B761900A9658A /* PpboxSink.m in Sources */,
			);
			runOnlyForDeploymentPostprocessing = 0;
		};
/* End PBXSourcesBuildPhase section */

/* Begin XCBuildConfiguration section */
		9F49E5B0173B761900A9658A /* Debug */ = {
			isa = XCBuildConfiguration;
			buildSettings = {
				ALWAYS_SEARCH_USER_PATHS = NO;
				CLANG_CXX_LANGUAGE_STANDARD = "gnu++0x";
				CLANG_CXX_LIBRARY = "libc++";
				CLANG_WARN_EMPTY_BODY = YES;
				CLANG_WARN__DUPLICATE_METHOD_MATCH = YES;
				COPY_PHASE_STRIP = NO;
				GCC_C_LANGUAGE_STANDARD = gnu99;
				GCC_DYNAMIC_NO_PIC = NO;
				GCC_OPTIMIZATION_LEVEL = 0;
				GCC_PREPROCESSOR_DEFINITIONS = (
					"DEBUG=1",
					"$(inherited)",
				);
				GCC_SYMBOLS_PRIVATE_EXTERN = NO;
				GCC_WARN_ABOUT_RETURN_TYPE = YES;
				GCC_WARN_UNINITIALIZED_AUTOS = YES;
				GCC_WARN_UNUSED_VARIABLE = YES;
				HEADER_SEARCH_PATHS = (
					../../../../../src/,
					../../../../../include/,
					../../../../../include/base/,
				);
				IPHONEOS_DEPLOYMENT_TARGET = 6.0;
				ONLY_ACTIVE_ARCH = YES;
				SDKROOT = iphoneos;
			};
			name = Debug;
		};
		9F49E5B1173B761900A9658A /* Release */ = {
			isa = XCBuildConfiguration;
			buildSettings = {
				ALWAYS_SEARCH_USER_PATHS = NO;
				CLANG_CXX_LANGUAGE_STANDARD = "gnu++0x";
				CLANG_CXX_LIBRARY = "libc++";
				CLANG_WARN_EMPTY_BODY = YES;
				CLANG_WARN__DUPLICATE_METHOD_MATCH = YES;
				COPY_PHASE_STRIP = YES;
				GCC_C_LANGUAGE_STANDARD = gnu99;
				GCC_WARN_ABOUT_RETURN_TYPE = YES;
				GCC_WARN_UNINITIALIZED_AUTOS = YES;
				GCC_WARN_UNUSED_VARIABLE = YES;
				HEADER_SEARCH_PATHS = (
					../../../../../src/,
					../../../../../include/,
					../../../../../include/base/,
				);
				IPHONEOS_DEPLOYMENT_TARGET = 6.0;
				SDKROOT = iphoneos;
				VALIDATE_PRODUCT = YES;
			};
			name = Release;
		};
		9F49E5B3173B761900A9658A /* Debug */ = {
			isa = XCBuildConfiguration;
			buildSettings = {
				DSTROOT = /tmp/PpboxSink.dst;
				GCC_PRECOMPILE_PREFIX_HEADER = YES;
				GCC_PREFIX_HEADER = "PpboxSink/PpboxSink-Prefix.pch";
				OTHER_LDFLAGS = "-ObjC";
				PRODUCT_NAME = "$(TARGET_NAME)";
				SKIP_INSTALL = YES;
			};
			name = Debug;
		};
		9F49E5B4173B761900A9658A /* Release */ = {
			isa = XCBuildConfiguration;
			buildSettings = {
				DSTROOT = /tmp/PpboxSink.dst;
				GCC_PRECOMPILE_PREFIX_HEADER = YES;
				GCC_PREFIX_HEADER = "PpboxSink/PpboxSink-Prefix.pch";
				OTHER_LDFLAGS = "-ObjC";
				PRODUCT_NAME = "$(TARGET_NAME)";
				SKIP_INSTALL = YES;
			};
			name = Release;
		};
/* End XCBuildConfiguration section */

/* Begin XCConfigurationList section */
		9F49E59E173B761900A9658A /* Build configuration list for PBXProject "PpboxSink" */ = {
			isa = XCConfigurationList;
			buildConfigurations = (
				9F49E5B0173B761900A9658A /* Debug */,
				9F49E5B1173B761900A9658A /* Release */,
			);
			defaultConfigurationIsVisible = 0;
			defaultConfigurationName = Release;
		};
		9F49E5B2173B761900A9658A /* Build configuration list for PBXNativeTarget "PpboxSink" */ = {
			isa = XCConfigurationList;
			buildConfigurations = (
				9F49E5B3173B761900A9658A /* Debug */,
				9F49E5B4173B761900A9658A /* Release */,
			);
			defaultConfigurationIsVisible = 0;
		};
/* End XCConfigurationList section */
	};
	rootObject = 9F49E59B173B761900A9658A /* Project object */;
}
